// !$*UTF8*$!
{
	archiveVersion = 1;
	classes = {
	};
	objectVersion = 56;
	objects = {

/* Begin PBXBuildFile section */
		83CED5482BA4603200BADC4E /* ConditionalAspectRatioApp.swift in Sources */ = {isa = PBXBuildFile; fileRef = 83CED5472BA4603200BADC4E /* ConditionalAspectRatioApp.swift */; };
		83CED54A2BA4603200BADC4E /* ContentView.swift in Sources */ = {isa = PBXBuildFile; fileRef = 83CED5492BA4603200BADC4E /* ContentView.swift */; };
		83CED54C2BA4603300BADC4E /* Assets.xcassets in Resources */ = {isa = PBXBuildFile; fileRef = 83CED54B2BA4603300BADC4E /* Assets.xcassets */; };
		83CED5502BA4603300BADC4E /* Preview Assets.xcassets in Resources */ = {isa = PBXBuildFile; fileRef = 83CED54F2BA4603300BADC4E /* Preview Assets.xcassets */; };
		83CED55A2BA4603300BADC4E /* ConditionalAspectRatioTests.swift in Sources */ = {isa = PBXBuildFile; fileRef = 83CED5592BA4603300BADC4E /* ConditionalAspectRatioTests.swift */; };
		83CED5642BA4603300BADC4E /* ConditionalAspectRatioUITests.swift in Sources */ = {isa = PBXBuildFile; fileRef = 83CED5632BA4603300BADC4E /* ConditionalAspectRatioUITests.swift */; };
		83CED5662BA4603300BADC4E /* ConditionalAspectRatioUITestsLaunchTests.swift in Sources */ = {isa = PBXBuildFile; fileRef = 83CED5652BA4603300BADC4E /* ConditionalAspectRatioUITestsLaunchTests.swift */; };
/* End PBXBuildFile section */

/* Begin PBXContainerItemProxy section */
		83CED5562BA4603300BADC4E /* PBXContainerItemProxy */ = {
			isa = PBXContainerItemProxy;
			containerPortal = 83CED53C2BA4603200BADC4E /* Project object */;
			proxyType = 1;
			remoteGlobalIDString = 83CED5432BA4603200BADC4E;
			remoteInfo = ConditionalAspectRatio;
		};
		83CED5602BA4603300BADC4E /* PBXContainerItemProxy */ = {
			isa = PBXContainerItemProxy;
			containerPortal = 83CED53C2BA4603200BADC4E /* Project object */;
			proxyType = 1;
			remoteGlobalIDString = 83CED5432BA4603200BADC4E;
			remoteInfo = ConditionalAspectRatio;
		};
/* End PBXContainerItemProxy section */

/* Begin PBXFileReference section */
		83CED5442BA4603200BADC4E /* ConditionalAspectRatio.app */ = {isa = PBXFileReference; explicitFileType = wrapper.application; includeInIndex = 0; path = ConditionalAspectRatio.app; sourceTree = BUILT_PRODUCTS_DIR; };
		83CED5472BA4603200BADC4E /* ConditionalAspectRatioApp.swift */ = {isa = PBXFileReference; lastKnownFileType = sourcecode.swift; path = ConditionalAspectRatioApp.swift; sourceTree = "<group>"; };
		83CED5492BA4603200BADC4E /* ContentView.swift */ = {isa = PBXFileReference; lastKnownFileType = sourcecode.swift; path = ContentView.swift; sourceTree = "<group>"; };
		83CED54B2BA4603300BADC4E /* Assets.xcassets */ = {isa = PBXFileReference; lastKnownFileType = folder.assetcatalog; path = Assets.xcassets; sourceTree = "<group>"; };
		83CED54D2BA4603300BADC4E /* ConditionalAspectRatio.entitlements */ = {isa = PBXFileReference; lastKnownFileType = text.plist.entitlements; path = ConditionalAspectRatio.entitlements; sourceTree = "<group>"; };
		83CED54F2BA4603300BADC4E /* Preview Assets.xcassets */ = {isa = PBXFileReference; lastKnownFileType = folder.assetcatalog; path = "Preview Assets.xcassets"; sourceTree = "<group>"; };
		83CED5552BA4603300BADC4E /* ConditionalAspectRatioTests.xctest */ = {isa = PBXFileReference; explicitFileType = wrapper.cfbundle; includeInIndex = 0; path = ConditionalAspectRatioTests.xctest; sourceTree = BUILT_PRODUCTS_DIR; };
		83CED5592BA4603300BADC4E /* ConditionalAspectRatioTests.swift */ = {isa = PBXFileReference; lastKnownFileType = sourcecode.swift; path = ConditionalAspectRatioTests.swift; sourceTree = "<group>"; };
		83CED55F2BA4603300BADC4E /* ConditionalAspectRatioUITests.xctest */ = {isa = PBXFileReference; explicitFileType = wrapper.cfbundle; includeInIndex = 0; path = ConditionalAspectRatioUITests.xctest; sourceTree = BUILT_PRODUCTS_DIR; };
		83CED5632BA4603300BADC4E /* ConditionalAspectRatioUITests.swift */ = {isa = PBXFileReference; lastKnownFileType = sourcecode.swift; path = ConditionalAspectRatioUITests.swift; sourceTree = "<group>"; };
		83CED5652BA4603300BADC4E /* ConditionalAspectRatioUITestsLaunchTests.swift */ = {isa = PBXFileReference; lastKnownFileType = sourcecode.swift; path = ConditionalAspectRatioUITestsLaunchTests.swift; sourceTree = "<group>"; };
/* End PBXFileReference section */

/* Begin PBXFrameworksBuildPhase section */
		83CED5412BA4603200BADC4E /* Frameworks */ = {
			isa = PBXFrameworksBuildPhase;
			buildActionMask = 2147483647;
			files = (
			);
			runOnlyForDeploymentPostprocessing = 0;
		};
		83CED5522BA4603300BADC4E /* Frameworks */ = {
			isa = PBXFrameworksBuildPhase;
			buildActionMask = 2147483647;
			files = (
			);
			runOnlyForDeploymentPostprocessing = 0;
		};
		83CED55C2BA4603300BADC4E /* Frameworks */ = {
			isa = PBXFrameworksBuildPhase;
			buildActionMask = 2147483647;
			files = (
			);
			runOnlyForDeploymentPostprocessing = 0;
		};
/* End PBXFrameworksBuildPhase section */

/* Begin PBXGroup section */
		83CED53B2BA4603200BADC4E = {
			isa = PBXGroup;
			children = (
				83CED5462BA4603200BADC4E /* ConditionalAspectRatio */,
				83CED5582BA4603300BADC4E /* ConditionalAspectRatioTests */,
				83CED5622BA4603300BADC4E /* ConditionalAspectRatioUITests */,
				83CED5452BA4603200BADC4E /* Products */,
			);
			sourceTree = "<group>";
		};
		83CED5452BA4603200BADC4E /* Products */ = {
			isa = PBXGroup;
			children = (
				83CED5442BA4603200BADC4E /* ConditionalAspectRatio.app */,
				83CED5552BA4603300BADC4E /* ConditionalAspectRatioTests.xctest */,
				83CED55F2BA4603300BADC4E /* ConditionalAspectRatioUITests.xctest */,
			);
			name = Products;
			sourceTree = "<group>";
		};
		83CED5462BA4603200BADC4E /* ConditionalAspectRatio */ = {
			isa = PBXGroup;
			children = (
				83CED5472BA4603200BADC4E /* ConditionalAspectRatioApp.swift */,
				83CED5492BA4603200BADC4E /* ContentView.swift */,
				83CED54B2BA4603300BADC4E /* Assets.xcassets */,
				83CED54D2BA4603300BADC4E /* ConditionalAspectRatio.entitlements */,
				83CED54E2BA4603300BADC4E /* Preview Content */,
			);
			path = ConditionalAspectRatio;
			sourceTree = "<group>";
		};
		83CED54E2BA4603300BADC4E /* Preview Content */ = {
			isa = PBXGroup;
			children = (
				83CED54F2BA4603300BADC4E /* Preview Assets.xcassets */,
			);
			path = "Preview Content";
			sourceTree = "<group>";
		};
		83CED5582BA4603300BADC4E /* ConditionalAspectRatioTests */ = {
			isa = PBXGroup;
			children = (
				83CED5592BA4603300BADC4E /* ConditionalAspectRatioTests.swift */,
			);
			path = ConditionalAspectRatioTests;
			sourceTree = "<group>";
		};
		83CED5622BA4603300BADC4E /* ConditionalAspectRatioUITests */ = {
			isa = PBXGroup;
			children = (
				83CED5632BA4603300BADC4E /* ConditionalAspectRatioUITests.swift */,
				83CED5652BA4603300BADC4E /* ConditionalAspectRatioUITestsLaunchTests.swift */,
			);
			path = ConditionalAspectRatioUITests;
			sourceTree = "<group>";
		};
/* End PBXGroup section */

/* Begin PBXNativeTarget section */
		83CED5432BA4603200BADC4E /* ConditionalAspectRatio */ = {
			isa = PBXNativeTarget;
			buildConfigurationList = 83CED5692BA4603300BADC4E /* Build configuration list for PBXNativeTarget "ConditionalAspectRatio" */;
			buildPhases = (
				83CED5402BA4603200BADC4E /* Sources */,
				83CED5412BA4603200BADC4E /* Frameworks */,
				83CED5422BA4603200BADC4E /* Resources */,
			);
			buildRules = (
			);
			dependencies = (
			);
			name = ConditionalAspectRatio;
			productName = ConditionalAspectRatio;
			productReference = 83CED5442BA4603200BADC4E /* ConditionalAspectRatio.app */;
			productType = "com.apple.product-type.application";
		};
		83CED5542BA4603300BADC4E /* ConditionalAspectRatioTests */ = {
			isa = PBXNativeTarget;
			buildConfigurationList = 83CED56C2BA4603300BADC4E /* Build configuration list for PBXNativeTarget "ConditionalAspectRatioTests" */;
			buildPhases = (
				83CED5512BA4603300BADC4E /* Sources */,
				83CED5522BA4603300BADC4E /* Frameworks */,
				83CED5532BA4603300BADC4E /* Resources */,
			);
			buildRules = (
			);
			dependencies = (
				83CED5572BA4603300BADC4E /* PBXTargetDependency */,
			);
			name = ConditionalAspectRatioTests;
			productName = ConditionalAspectRatioTests;
			productReference = 83CED5552BA4603300BADC4E /* ConditionalAspectRatioTests.xctest */;
			productType = "com.apple.product-type.bundle.unit-test";
		};
		83CED55E2BA4603300BADC4E /* ConditionalAspectRatioUITests */ = {
			isa = PBXNativeTarget;
			buildConfigurationList = 83CED56F2BA4603300BADC4E /* Build configuration list for PBXNativeTarget "ConditionalAspectRatioUITests" */;
			buildPhases = (
				83CED55B2BA4603300BADC4E /* Sources */,
				83CED55C2BA4603300BADC4E /* Frameworks */,
				83CED55D2BA4603300BADC4E /* Resources */,
			);
			buildRules = (
			);
			dependencies = (
				83CED5612BA4603300BADC4E /* PBXTargetDependency */,
			);
			name = ConditionalAspectRatioUITests;
			productName = ConditionalAspectRatioUITests;
			productReference = 83CED55F2BA4603300BADC4E /* ConditionalAspectRatioUITests.xctest */;
			productType = "com.apple.product-type.bundle.ui-testing";
		};
/* End PBXNativeTarget section */

/* Begin PBXProject section */
		83CED53C2BA4603200BADC4E /* Project object */ = {
			isa = PBXProject;
			attributes = {
				BuildIndependentTargetsInParallel = 1;
				LastSwiftUpdateCheck = 1530;
				LastUpgradeCheck = 1530;
				TargetAttributes = {
					83CED5432BA4603200BADC4E = {
						CreatedOnToolsVersion = 15.3;
					};
					83CED5542BA4603300BADC4E = {
						CreatedOnToolsVersion = 15.3;
						TestTargetID = 83CED5432BA4603200BADC4E;
					};
					83CED55E2BA4603300BADC4E = {
						CreatedOnToolsVersion = 15.3;
						TestTargetID = 83CED5432BA4603200BADC4E;
					};
				};
			};
			buildConfigurationList = 83CED53F2BA4603200BADC4E /* Build configuration list for PBXProject "ConditionalAspectRatio" */;
			compatibilityVersion = "Xcode 14.0";
			developmentRegion = en;
			hasScannedForEncodings = 0;
			knownRegions = (
				en,
				Base,
			);
			mainGroup = 83CED53B2BA4603200BADC4E;
			productRefGroup = 83CED5452BA4603200BADC4E /* Products */;
			projectDirPath = "";
			projectRoot = "";
			targets = (
				83CED5432BA4603200BADC4E /* ConditionalAspectRatio */,
				83CED5542BA4603300BADC4E /* ConditionalAspectRatioTests */,
				83CED55E2BA4603300BADC4E /* ConditionalAspectRatioUITests */,
			);
		};
/* End PBXProject section */

/* Begin PBXResourcesBuildPhase section */
		83CED5422BA4603200BADC4E /* Resources */ = {
			isa = PBXResourcesBuildPhase;
			buildActionMask = 2147483647;
			files = (
				83CED5502BA4603300BADC4E /* Preview Assets.xcassets in Resources */,
				83CED54C2BA4603300BADC4E /* Assets.xcassets in Resources */,
			);
			runOnlyForDeploymentPostprocessing = 0;
		};
		83CED5532BA4603300BADC4E /* Resources */ = {
			isa = PBXResourcesBuildPhase;
			buildActionMask = 2147483647;
			files = (
			);
			runOnlyForDeploymentPostprocessing = 0;
		};
		83CED55D2BA4603300BADC4E /* Resources */ = {
			isa = PBXResourcesBuildPhase;
			buildActionMask = 2147483647;
			files = (
			);
			runOnlyForDeploymentPostprocessing = 0;
		};
/* End PBXResourcesBuildPhase section */

/* Begin PBXSourcesBuildPhase section */
		83CED5402BA4603200BADC4E /* Sources */ = {
			isa = PBXSourcesBuildPhase;
			buildActionMask = 2147483647;
			files = (
				83CED54A2BA4603200BADC4E /* ContentView.swift in Sources */,
				83CED5482BA4603200BADC4E /* ConditionalAspectRatioApp.swift in Sources */,
			);
			runOnlyForDeploymentPostprocessing = 0;
		};
		83CED5512BA4603300BADC4E /* Sources */ = {
			isa = PBXSourcesBuildPhase;
			buildActionMask = 2147483647;
			files = (
				83CED55A2BA4603300BADC4E /* ConditionalAspectRatioTests.swift in Sources */,
			);
			runOnlyForDeploymentPostprocessing = 0;
		};
		83CED55B2BA4603300BADC4E /* Sources */ = {
			isa = PBXSourcesBuildPhase;
			buildActionMask = 2147483647;
			files = (
				83CED5642BA4603300BADC4E /* ConditionalAspectRatioUITests.swift in Sources */,
				83CED5662BA4603300BADC4E /* ConditionalAspectRatioUITestsLaunchTests.swift in Sources */,
			);
			runOnlyForDeploymentPostprocessing = 0;
		};
/* End PBXSourcesBuildPhase section */

/* Begin PBXTargetDependency section */
		83CED5572BA4603300BADC4E /* PBXTargetDependency */ = {
			isa = PBXTargetDependency;
			target = 83CED5432BA4603200BADC4E /* ConditionalAspectRatio */;
			targetProxy = 83CED5562BA4603300BADC4E /* PBXContainerItemProxy */;
		};
		83CED5612BA4603300BADC4E /* PBXTargetDependency */ = {
			isa = PBXTargetDependency;
			target = 83CED5432BA4603200BADC4E /* ConditionalAspectRatio */;
			targetProxy = 83CED5602BA4603300BADC4E /* PBXContainerItemProxy */;
		};
/* End PBXTargetDependency section */

/* Begin XCBuildConfiguration section */
		83CED5672BA4603300BADC4E /* Debug */ = {
			isa = XCBuildConfiguration;
			buildSettings = {
				ALWAYS_SEARCH_USER_PATHS = NO;
				ASSETCATALOG_COMPILER_GENERATE_SWIFT_ASSET_SYMBOL_EXTENSIONS = YES;
				CLANG_ANALYZER_NONNULL = YES;
				CLANG_ANALYZER_NUMBER_OBJECT_CONVERSION = YES_AGGRESSIVE;
				CLANG_CXX_LANGUAGE_STANDARD = "gnu++20";
				CLANG_ENABLE_MODULES = YES;
				CLANG_ENABLE_OBJC_ARC = YES;
				CLANG_ENABLE_OBJC_WEAK = YES;
				CLANG_WARN_BLOCK_CAPTURE_AUTORELEASING = YES;
				CLANG_WARN_BOOL_CONVERSION = YES;
				CLANG_WARN_COMMA = YES;
				CLANG_WARN_CONSTANT_CONVERSION = YES;
				CLANG_WARN_DEPRECATED_OBJC_IMPLEMENTATIONS = YES;
				CLANG_WARN_DIRECT_OBJC_ISA_USAGE = YES_ERROR;
				CLANG_WARN_DOCUMENTATION_COMMENTS = YES;
				CLANG_WARN_EMPTY_BODY = YES;
				CLANG_WARN_ENUM_CONVERSION = YES;
				CLANG_WARN_INFINITE_RECURSION = YES;
				CLANG_WARN_INT_CONVERSION = YES;
				CLANG_WARN_NON_LITERAL_NULL_CONVERSION = YES;
				CLANG_WARN_OBJC_IMPLICIT_RETAIN_SELF = YES;
				CLANG_WARN_OBJC_LITERAL_CONVERSION = YES;
				CLANG_WARN_OBJC_ROOT_CLASS = YES_ERROR;
				CLANG_WARN_QUOTED_INCLUDE_IN_FRAMEWORK_HEADER = YES;
				CLANG_WARN_RANGE_LOOP_ANALYSIS = YES;
				CLANG_WARN_STRICT_PROTOTYPES = YES;
				CLANG_WARN_SUSPICIOUS_MOVE = YES;
				CLANG_WARN_UNGUARDED_AVAILABILITY = YES_AGGRESSIVE;
				CLANG_WARN_UNREACHABLE_CODE = YES;
				CLANG_WARN__DUPLICATE_METHOD_MATCH = YES;
				COPY_PHASE_STRIP = NO;
				DEBUG_INFORMATION_FORMAT = dwarf;
				ENABLE_STRICT_OBJC_MSGSEND = YES;
				ENABLE_TESTABILITY = YES;
				ENABLE_USER_SCRIPT_SANDBOXING = YES;
				GCC_C_LANGUAGE_STANDARD = gnu17;
				GCC_DYNAMIC_NO_PIC = NO;
				GCC_NO_COMMON_BLOCKS = YES;
				GCC_OPTIMIZATION_LEVEL = 0;
				GCC_PREPROCESSOR_DEFINITIONS = (
					"DEBUG=1",
					"$(inherited)",
				);
				GCC_WARN_64_TO_32_BIT_CONVERSION = YES;
				GCC_WARN_ABOUT_RETURN_TYPE = YES_ERROR;
				GCC_WARN_UNDECLARED_SELECTOR = YES;
				GCC_WARN_UNINITIALIZED_AUTOS = YES_AGGRESSIVE;
				GCC_WARN_UNUSED_FUNCTION = YES;
				GCC_WARN_UNUSED_VARIABLE = YES;
				LOCALIZATION_PREFERS_STRING_CATALOGS = YES;
				MTL_ENABLE_DEBUG_INFO = INCLUDE_SOURCE;
				MTL_FAST_MATH = YES;
				ONLY_ACTIVE_ARCH = YES;
				SWIFT_ACTIVE_COMPILATION_CONDITIONS = "DEBUG $(inherited)";
				SWIFT_OPTIMIZATION_LEVEL = "-Onone";
			};
			name = Debug;
		};
		83CED5682BA4603300BADC4E /* Release */ = {
			isa = XCBuildConfiguration;
			buildSettings = {
				ALWAYS_SEARCH_USER_PATHS = NO;
				ASSETCATALOG_COMPILER_GENERATE_SWIFT_ASSET_SYMBOL_EXTENSIONS = YES;
				CLANG_ANALYZER_NONNULL = YES;
				CLANG_ANALYZER_NUMBER_OBJECT_CONVERSION = YES_AGGRESSIVE;
				CLANG_CXX_LANGUAGE_STANDARD = "gnu++20";
				CLANG_ENABLE_MODULES = YES;
				CLANG_ENABLE_OBJC_ARC = YES;
				CLANG_ENABLE_OBJC_WEAK = YES;
				CLANG_WARN_BLOCK_CAPTURE_AUTORELEASING = YES;
				CLANG_WARN_BOOL_CONVERSION = YES;
				CLANG_WARN_COMMA = YES;
				CLANG_WARN_CONSTANT_CONVERSION = YES;
				CLANG_WARN_DEPRECATED_OBJC_IMPLEMENTATIONS = YES;
				CLANG_WARN_DIRECT_OBJC_ISA_USAGE = YES_ERROR;
				CLANG_WARN_DOCUMENTATION_COMMENTS = YES;
				CLANG_WARN_EMPTY_BODY = YES;
				CLANG_WARN_ENUM_CONVERSION = YES;
				CLANG_WARN_INFINITE_RECURSION = YES;
				CLANG_WARN_INT_CONVERSION = YES;
				CLANG_WARN_NON_LITERAL_NULL_CONVERSION = YES;
				CLANG_WARN_OBJC_IMPLICIT_RETAIN_SELF = YES;
				CLANG_WARN_OBJC_LITERAL_CONVERSION = YES;
				CLANG_WARN_OBJC_ROOT_CLASS = YES_ERROR;
				CLANG_WARN_QUOTED_INCLUDE_IN_FRAMEWORK_HEADER = YES;
				CLANG_WARN_RANGE_LOOP_ANALYSIS = YES;
				CLANG_WARN_STRICT_PROTOTYPES = YES;
				CLANG_WARN_SUSPICIOUS_MOVE = YES;
				CLANG_WARN_UNGUARDED_AVAILABILITY = YES_AGGRESSIVE;
				CLANG_WARN_UNREACHABLE_CODE = YES;
				CLANG_WARN__DUPLICATE_METHOD_MATCH = YES;
				COPY_PHASE_STRIP = NO;
				DEBUG_INFORMATION_FORMAT = "dwarf-with-dsym";
				ENABLE_NS_ASSERTIONS = NO;
				ENABLE_STRICT_OBJC_MSGSEND = YES;
				ENABLE_USER_SCRIPT_SANDBOXING = YES;
				GCC_C_LANGUAGE_STANDARD = gnu17;
				GCC_NO_COMMON_BLOCKS = YES;
				GCC_WARN_64_TO_32_BIT_CONVERSION = YES;
				GCC_WARN_ABOUT_RETURN_TYPE = YES_ERROR;
				GCC_WARN_UNDECLARED_SELECTOR = YES;
				GCC_WARN_UNINITIALIZED_AUTOS = YES_AGGRESSIVE;
				GCC_WARN_UNUSED_FUNCTION = YES;
				GCC_WARN_UNUSED_VARIABLE = YES;
				LOCALIZATION_PREFERS_STRING_CATALOGS = YES;
				MTL_ENABLE_DEBUG_INFO = NO;
				MTL_FAST_MATH = YES;
				SWIFT_COMPILATION_MODE = wholemodule;
			};
			name = Release;
		};
		83CED56A2BA4603300BADC4E /* Debug */ = {
			isa = XCBuildConfiguration;
			buildSettings = {
				ASSETCATALOG_COMPILER_APPICON_NAME = AppIcon;
				ASSETCATALOG_COMPILER_GLOBAL_ACCENT_COLOR_NAME = AccentColor;
				CODE_SIGN_ENTITLEMENTS = ConditionalAspectRatio/ConditionalAspectRatio.entitlements;
				CODE_SIGN_STYLE = Automatic;
				CURRENT_PROJECT_VERSION = 1;
				DEVELOPMENT_ASSET_PATHS = "\"ConditionalAspectRatio/Preview Content\"";
				DEVELOPMENT_TEAM = SL7736T2Z4;
				ENABLE_HARDENED_RUNTIME = YES;
				ENABLE_PREVIEWS = YES;
				GENERATE_INFOPLIST_FILE = YES;
				"INFOPLIST_KEY_UIApplicationSceneManifest_Generation[sdk=iphoneos*]" = YES;
				"INFOPLIST_KEY_UIApplicationSceneManifest_Generation[sdk=iphonesimulator*]" = YES;
				"INFOPLIST_KEY_UIApplicationSupportsIndirectInputEvents[sdk=iphoneos*]" = YES;
				"INFOPLIST_KEY_UIApplicationSupportsIndirectInputEvents[sdk=iphonesimulator*]" = YES;
				"INFOPLIST_KEY_UILaunchScreen_Generation[sdk=iphoneos*]" = YES;
				"INFOPLIST_KEY_UILaunchScreen_Generation[sdk=iphonesimulator*]" = YES;
				"INFOPLIST_KEY_UIStatusBarStyle[sdk=iphoneos*]" = UIStatusBarStyleDefault;
				"INFOPLIST_KEY_UIStatusBarStyle[sdk=iphonesimulator*]" = UIStatusBarStyleDefault;
				INFOPLIST_KEY_UISupportedInterfaceOrientations_iPad = "UIInterfaceOrientationPortrait UIInterfaceOrientationPortraitUpsideDown UIInterfaceOrientationLandscapeLeft UIInterfaceOrientationLandscapeRight";
				INFOPLIST_KEY_UISupportedInterfaceOrientations_iPhone = "UIInterfaceOrientationPortrait UIInterfaceOrientationLandscapeLeft UIInterfaceOrientationLandscapeRight";
				IPHONEOS_DEPLOYMENT_TARGET = 17.4;
				LD_RUNPATH_SEARCH_PATHS = "@executable_path/Frameworks";
				"LD_RUNPATH_SEARCH_PATHS[sdk=macosx*]" = "@executable_path/../Frameworks";
				MACOSX_DEPLOYMENT_TARGET = 14.1;
				MARKETING_VERSION = 1.0;
				PRODUCT_BUNDLE_IDENTIFIER = nl.chriseidhof.ConditionalAspectRatio;
				PRODUCT_NAME = "$(TARGET_NAME)";
				SDKROOT = auto;
				SUPPORTED_PLATFORMS = "iphoneos iphonesimulator macosx";
				SWIFT_EMIT_LOC_STRINGS = YES;
				SWIFT_VERSION = 5.0;
				TARGETED_DEVICE_FAMILY = "1,2";
			};
			name = Debug;
		};
		83CED56B2BA4603300BADC4E /* Release */ = {
			isa = XCBuildConfiguration;
			buildSettings = {
				ASSETCATALOG_COMPILER_APPICON_NAME = AppIcon;
				ASSETCATALOG_COMPILER_GLOBAL_ACCENT_COLOR_NAME = AccentColor;
				CODE_SIGN_ENTITLEMENTS = ConditionalAspectRatio/ConditionalAspectRatio.entitlements;
				CODE_SIGN_STYLE = Automatic;
				CURRENT_PROJECT_VERSION = 1;
				DEVELOPMENT_ASSET_PATHS = "\"ConditionalAspectRatio/Preview Content\"";
				DEVELOPMENT_TEAM = SL7736T2Z4;
				ENABLE_HARDENED_RUNTIME = YES;
				ENABLE_PREVIEWS = YES;
				GENERATE_INFOPLIST_FILE = YES;
				"INFOPLIST_KEY_UIApplicationSceneManifest_Generation[sdk=iphoneos*]" = YES;
				"INFOPLIST_KEY_UIApplicationSceneManifest_Generation[sdk=iphonesimulator*]" = YES;
				"INFOPLIST_KEY_UIApplicationSupportsIndirectInputEvents[sdk=iphoneos*]" = YES;
				"INFOPLIST_KEY_UIApplicationSupportsIndirectInputEvents[sdk=iphonesimulator*]" = YES;
				"INFOPLIST_KEY_UILaunchScreen_Generation[sdk=iphoneos*]" = YES;
				"INFOPLIST_KEY_UILaunchScreen_Generation[sdk=iphonesimulator*]" = YES;
				"INFOPLIST_KEY_UIStatusBarStyle[sdk=iphoneos*]" = UIStatusBarStyleDefault;
				"INFOPLIST_KEY_UIStatusBarStyle[sdk=iphonesimulator*]" = UIStatusBarStyleDefault;
				INFOPLIST_KEY_UISupportedInterfaceOrientations_iPad = "UIInterfaceOrientationPortrait UIInterfaceOrientationPortraitUpsideDown UIInterfaceOrientationLandscapeLeft UIInterfaceOrientationLandscapeRight";
				INFOPLIST_KEY_UISupportedInterfaceOrientations_iPhone = "UIInterfaceOrientationPortrait UIInterfaceOrientationLandscapeLeft UIInterfaceOrientationLandscapeRight";
				IPHONEOS_DEPLOYMENT_TARGET = 17.4;
				LD_RUNPATH_SEARCH_PATHS = "@executable_path/Frameworks";
				"LD_RUNPATH_SEARCH_PATHS[sdk=macosx*]" = "@executable_path/../Frameworks";
				MACOSX_DEPLOYMENT_TARGET = 14.1;
				MARKETING_VERSION = 1.0;
				PRODUCT_BUNDLE_IDENTIFIER = nl.chriseidhof.ConditionalAspectRatio;
				PRODUCT_NAME = "$(TARGET_NAME)";
				SDKROOT = auto;
				SUPPORTED_PLATFORMS = "iphoneos iphonesimulator macosx";
				SWIFT_EMIT_LOC_STRINGS = YES;
				SWIFT_VERSION = 5.0;
				TARGETED_DEVICE_FAMILY = "1,2";
			};
			name = Release;
		};
		83CED56D2BA4603300BADC4E /* Debug */ = {
			isa = XCBuildConfiguration;
			buildSettings = {
				ALWAYS_EMBED_SWIFT_STANDARD_LIBRARIES = YES;
				BUNDLE_LOADER = "$(TEST_HOST)";
				CODE_SIGN_STYLE = Automatic;
				CURRENT_PROJECT_VERSION = 1;
				DEVELOPMENT_TEAM = SL7736T2Z4;
				GENERATE_INFOPLIST_FILE = YES;
				IPHONEOS_DEPLOYMENT_TARGET = 17.4;
				MACOSX_DEPLOYMENT_TARGET = 14.1;
				MARKETING_VERSION = 1.0;
				PRODUCT_BUNDLE_IDENTIFIER = nl.chriseidhof.ConditionalAspectRatioTests;
				PRODUCT_NAME = "$(TARGET_NAME)";
				SDKROOT = auto;
				SUPPORTED_PLATFORMS = "iphoneos iphonesimulator macosx";
				SWIFT_EMIT_LOC_STRINGS = NO;
				SWIFT_VERSION = 5.0;
				TARGETED_DEVICE_FAMILY = "1,2";
				TEST_HOST = "$(BUILT_PRODUCTS_DIR)/ConditionalAspectRatio.app/$(BUNDLE_EXECUTABLE_FOLDER_PATH)/ConditionalAspectRatio";
			};
			name = Debug;
		};
		83CED56E2BA4603300BADC4E /* Release */ = {
			isa = XCBuildConfiguration;
			buildSettings = {
				ALWAYS_EMBED_SWIFT_STANDARD_LIBRARIES = YES;
				BUNDLE_LOADER = "$(TEST_HOST)";
				CODE_SIGN_STYLE = Automatic;
				CURRENT_PROJECT_VERSION = 1;
				DEVELOPMENT_TEAM = SL7736T2Z4;
				GENERATE_INFOPLIST_FILE = YES;
				IPHONEOS_DEPLOYMENT_TARGET = 17.4;
				MACOSX_DEPLOYMENT_TARGET = 14.1;
				MARKETING_VERSION = 1.0;
				PRODUCT_BUNDLE_IDENTIFIER = nl.chriseidhof.ConditionalAspectRatioTests;
				PRODUCT_NAME = "$(TARGET_NAME)";
				SDKROOT = auto;
				SUPPORTED_PLATFORMS = "iphoneos iphonesimulator macosx";
				SWIFT_EMIT_LOC_STRINGS = NO;
				SWIFT_VERSION = 5.0;
				TARGETED_DEVICE_FAMILY = "1,2";
				TEST_HOST = "$(BUILT_PRODUCTS_DIR)/ConditionalAspectRatio.app/$(BUNDLE_EXECUTABLE_FOLDER_PATH)/ConditionalAspectRatio";
			};
			name = Release;
		};
		83CED5702BA4603300BADC4E /* Debug */ = {
			isa = XCBuildConfiguration;
			buildSettings = {
				ALWAYS_EMBED_SWIFT_STANDARD_LIBRARIES = YES;
				CODE_SIGN_STYLE = Automatic;
				CURRENT_PROJECT_VERSION = 1;
				DEVELOPMENT_TEAM = SL7736T2Z4;
				GENERATE_INFOPLIST_FILE = YES;
				IPHONEOS_DEPLOYMENT_TARGET = 17.4;
				MACOSX_DEPLOYMENT_TARGET = 14.1;
				MARKETING_VERSION = 1.0;
				PRODUCT_BUNDLE_IDENTIFIER = nl.chriseidhof.ConditionalAspectRatioUITests;
				PRODUCT_NAME = "$(TARGET_NAME)";
				SDKROOT = auto;
				SUPPORTED_PLATFORMS = "iphoneos iphonesimulator macosx";
				SWIFT_EMIT_LOC_STRINGS = NO;
				SWIFT_VERSION = 5.0;
				TARGETED_DEVICE_FAMILY = "1,2";
				TEST_TARGET_NAME = ConditionalAspectRatio;
			};
			name = Debug;
		};
		83CED5712BA4603300BADC4E /* Release */ = {
			isa = XCBuildConfiguration;
			buildSettings = {
				ALWAYS_EMBED_SWIFT_STANDARD_LIBRARIES = YES;
				CODE_SIGN_STYLE = Automatic;
				CURRENT_PROJECT_VERSION = 1;
				DEVELOPMENT_TEAM = SL7736T2Z4;
				GENERATE_INFOPLIST_FILE = YES;
				IPHONEOS_DEPLOYMENT_TARGET = 17.4;
				MACOSX_DEPLOYMENT_TARGET = 14.1;
				MARKETING_VERSION = 1.0;
				PRODUCT_BUNDLE_IDENTIFIER = nl.chriseidhof.ConditionalAspectRatioUITests;
				PRODUCT_NAME = "$(TARGET_NAME)";
				SDKROOT = auto;
				SUPPORTED_PLATFORMS = "iphoneos iphonesimulator macosx";
				SWIFT_EMIT_LOC_STRINGS = NO;
				SWIFT_VERSION = 5.0;
				TARGETED_DEVICE_FAMILY = "1,2";
				TEST_TARGET_NAME = ConditionalAspectRatio;
			};
			name = Release;
		};
/* End XCBuildConfiguration section */

/* Begin XCConfigurationList section */
		83CED53F2BA4603200BADC4E /* Build configuration list for PBXProject "ConditionalAspectRatio" */ = {
			isa = XCConfigurationList;
			buildConfigurations = (
				83CED5672BA4603300BADC4E /* Debug */,
				83CED5682BA4603300BADC4E /* Release */,
			);
			defaultConfigurationIsVisible = 0;
			defaultConfigurationName = Release;
		};
		83CED5692BA4603300BADC4E /* Build configuration list for PBXNativeTarget "ConditionalAspectRatio" */ = {
			isa = XCConfigurationList;
			buildConfigurations = (
				83CED56A2BA4603300BADC4E /* Debug */,
				83CED56B2BA4603300BADC4E /* Release */,
			);
			defaultConfigurationIsVisible = 0;
			defaultConfigurationName = Release;
		};
		83CED56C2BA4603300BADC4E /* Build configuration list for PBXNativeTarget "ConditionalAspectRatioTests" */ = {
			isa = XCConfigurationList;
			buildConfigurations = (
				83CED56D2BA4603300BADC4E /* Debug */,
				83CED56E2BA4603300BADC4E /* Release */,
			);
			defaultConfigurationIsVisible = 0;
			defaultConfigurationName = Release;
		};
		83CED56F2BA4603300BADC4E /* Build configuration list for PBXNativeTarget "ConditionalAspectRatioUITests" */ = {
			isa = XCConfigurationList;
			buildConfigurations = (
				83CED5702BA4603300BADC4E /* Debug */,
				83CED5712BA4603300BADC4E /* Release */,
			);
			defaultConfigurationIsVisible = 0;
			defaultConfigurationName = Release;
		};
/* End XCConfigurationList section */
	};
	rootObject = 83CED53C2BA4603200BADC4E /* Project object */;
}
